
Microsoft Visual Studio Solution File, Format Version 12.00
# Visual Studio Version 17
VisualStudioVersion = 17.7.34018.315
MinimumVisualStudioVersion = 10.0.40219.1
Project("{9A19103F-16F7-4668-BE54-9A1E7A4F7556}") = "Entidades", "Entidades\Entidades.csproj", "{F80474AD-F6B5-4B1E-9B55-07EEA97A4C59}"
EndProject
Project("{FAE04EC0-301F-11D3-BF4B-00C04F79EFBC}") = "WindowsForm", "WindowsForm\WindowsForm.csproj", "{AD3A35FF-F46A-409C-9FD0-0DB88F6C7ECF}"
EndProject
Global
	GlobalSection(SolutionConfigurationPlatforms) = preSolution
		Debug|Any CPU = Debug|Any CPU
		Release|Any CPU = Release|Any CPU
	EndGlobalSection
	GlobalSection(ProjectConfigurationPlatforms) = postSolution
		{F80474AD-F6B5-4B1E-9B55-07EEA97A4C59}.Debug|Any CPU.ActiveCfg = Debug|Any CPU
		{F80474AD-F6B5-4B1E-9B55-07EEA97A4C59}.Debug|Any CPU.Build.0 = Debug|Any CPU
		{F80474AD-F6B5-4B1E-9B55-07EEA97A4C59}.Release|Any CPU.ActiveCfg = Release|Any CPU
		{F80474AD-F6B5-4B1E-9B55-07EEA97A4C59}.Release|Any CPU.Build.0 = Release|Any CPU
		{AD3A35FF-F46A-409C-9FD0-0DB88F6C7ECF}.Debug|Any CPU.ActiveCfg = Debug|Any CPU
		{AD3A35FF-F46A-409C-9FD0-0DB88F6C7ECF}.Debug|Any CPU.Build.0 = Debug|Any CPU
		{AD3A35FF-F46A-409C-9FD0-0DB88F6C7ECF}.Release|Any CPU.ActiveCfg = Release|Any CPU
		{AD3A35FF-F46A-409C-9FD0-0DB88F6C7ECF}.Release|Any CPU.Build.0 = Release|Any CPU
	EndGlobalSection
	GlobalSection(SolutionProperties) = preSolution
		HideSolutionNode = FALSE
	EndGlobalSection
	GlobalSection(ExtensibilityGlobals) = postSolution
		SolutionGuid = {830F0056-9667-4551-BD04-1B4BAD655A2C}
	EndGlobalSection
EndGlobal
